
Microsoft Visual Studio Solution File, Format Version 12.00
# Visual Studio 2013
VisualStudioVersion = 12.0.21005.1
MinimumVisualStudioVersion = 10.0.40219.1
Project("{FAE04EC0-301F-11D3-BF4B-00C04F79EFBC}") = "FizzBuzz", "FizzBuzz\FizzBuzz.csproj", "{8D87FE07-1E12-4627-8DE0-F0AF5B9E36FF}"
EndProject
Project("{FAE04EC0-301F-11D3-BF4B-00C04F79EFBC}") = "FizzBuzz.DataTypes", "Libraries\FizzBuzz.DataTypes\FizzBuzz.DataTypes.csproj", "{2EB124DF-79A1-417C-BAC2-2C6E8340A4FB}"
EndProject
Global
	GlobalSection(SolutionConfigurationPlatforms) = preSolution
		Debug|Any CPU = Debug|Any CPU
		Release|Any CPU = Release|Any CPU
	EndGlobalSection
	GlobalSection(ProjectConfigurationPlatforms) = postSolution
		{8D87FE07-1E12-4627-8DE0-F0AF5B9E36FF}.Debug|Any CPU.ActiveCfg = Debug|Any CPU
		{8D87FE07-1E12-4627-8DE0-F0AF5B9E36FF}.Debug|Any CPU.Build.0 = Debug|Any CPU
		{8D87FE07-1E12-4627-8DE0-F0AF5B9E36FF}.Release|Any CPU.ActiveCfg = Release|Any CPU
		{8D87FE07-1E12-4627-8DE0-F0AF5B9E36FF}.Release|Any CPU.Build.0 = Release|Any CPU
		{2EB124DF-79A1-417C-BAC2-2C6E8340A4FB}.Debug|Any CPU.ActiveCfg = Debug|Any CPU
		{2EB124DF-79A1-417C-BAC2-2C6E8340A4FB}.Debug|Any CPU.Build.0 = Debug|Any CPU
		{2EB124DF-79A1-417C-BAC2-2C6E8340A4FB}.Release|Any CPU.ActiveCfg = Release|Any CPU
		{2EB124DF-79A1-417C-BAC2-2C6E8340A4FB}.Release|Any CPU.Build.0 = Release|Any CPU
	EndGlobalSection
	GlobalSection(SolutionProperties) = preSolution
		HideSolutionNode = FALSE
	EndGlobalSection
EndGlobal
